
Microsoft Visual Studio Solution File, Format Version 12.00
# Visual Studio Version 16
VisualStudioVersion = 25.0.1700.5
MinimumVisualStudioVersion = 10.0.40219.1
Project("{FAE04EC0-301F-11D3-BF4B-00C04F79EFBC}") = "OnlineBookReader", "OnlineBookReader\OnlineBookReader.csproj", "{46F8C45E-20D6-4A21-920D-33EB4F7C6032}"
EndProject
Global
	GlobalSection(SolutionConfigurationPlatforms) = preSolution
		Debug|Any CPU = Debug|Any CPU
		Release|Any CPU = Release|Any CPU
	EndGlobalSection
	GlobalSection(ProjectConfigurationPlatforms) = postSolution
		{46F8C45E-20D6-4A21-920D-33EB4F7C6032}.Debug|Any CPU.ActiveCfg = Debug|Any CPU
		{46F8C45E-20D6-4A21-920D-33EB4F7C6032}.Debug|Any CPU.Build.0 = Debug|Any CPU
		{46F8C45E-20D6-4A21-920D-33EB4F7C6032}.Release|Any CPU.ActiveCfg = Release|Any CPU
		{46F8C45E-20D6-4A21-920D-33EB4F7C6032}.Release|Any CPU.Build.0 = Release|Any CPU
	EndGlobalSection
	GlobalSection(SolutionProperties) = preSolution
		HideSolutionNode = FALSE
	EndGlobalSection
	GlobalSection(ExtensibilityGlobals) = postSolution
		SolutionGuid = {BDF6BD85-6D10-4536-AB7B-5A4DB2E6C96A}
	EndGlobalSection
EndGlobal
