
Microsoft Visual Studio Solution File, Format Version 12.00
# Visual Studio Version 16
VisualStudioVersion = 25.0.1700.5
MinimumVisualStudioVersion = 10.0.40219.1
Project("{FAE04EC0-301F-11D3-BF4B-00C04F79EFBC}") = "BlackJack", "BlackJack\BlackJack.csproj", "{8C039491-8EEB-4452-A723-325C510E372C}"
EndProject
Global
	GlobalSection(SolutionConfigurationPlatforms) = preSolution
		Debug|Any CPU = Debug|Any CPU
		Release|Any CPU = Release|Any CPU
	EndGlobalSection
	GlobalSection(ProjectConfigurationPlatforms) = postSolution
		{8C039491-8EEB-4452-A723-325C510E372C}.Debug|Any CPU.ActiveCfg = Debug|Any CPU
		{8C039491-8EEB-4452-A723-325C510E372C}.Debug|Any CPU.Build.0 = Debug|Any CPU
		{8C039491-8EEB-4452-A723-325C510E372C}.Release|Any CPU.ActiveCfg = Release|Any CPU
		{8C039491-8EEB-4452-A723-325C510E372C}.Release|Any CPU.Build.0 = Release|Any CPU
	EndGlobalSection
	GlobalSection(SolutionProperties) = preSolution
		HideSolutionNode = FALSE
	EndGlobalSection
	GlobalSection(ExtensibilityGlobals) = postSolution
		SolutionGuid = {4F9C51F4-012D-48CD-8C8B-F5922432DED6}
	EndGlobalSection
EndGlobal
