
Microsoft Visual Studio Solution File, Format Version 12.00
# Visual Studio Version 16
VisualStudioVersion = 25.0.1703.6
MinimumVisualStudioVersion = 10.0.40219.1
Project("{FAE04EC0-301F-11D3-BF4B-00C04F79EFBC}") = "stackDataStructures", "stackDataStructures\stackDataStructures.csproj", "{961B9B1B-EE16-42AD-BD53-D5434A043AF3}"
EndProject
Global
	GlobalSection(SolutionConfigurationPlatforms) = preSolution
		Debug|Any CPU = Debug|Any CPU
		Release|Any CPU = Release|Any CPU
	EndGlobalSection
	GlobalSection(ProjectConfigurationPlatforms) = postSolution
		{961B9B1B-EE16-42AD-BD53-D5434A043AF3}.Debug|Any CPU.ActiveCfg = Debug|Any CPU
		{961B9B1B-EE16-42AD-BD53-D5434A043AF3}.Debug|Any CPU.Build.0 = Debug|Any CPU
		{961B9B1B-EE16-42AD-BD53-D5434A043AF3}.Release|Any CPU.ActiveCfg = Release|Any CPU
		{961B9B1B-EE16-42AD-BD53-D5434A043AF3}.Release|Any CPU.Build.0 = Release|Any CPU
	EndGlobalSection
	GlobalSection(SolutionProperties) = preSolution
		HideSolutionNode = FALSE
	EndGlobalSection
	GlobalSection(ExtensibilityGlobals) = postSolution
		SolutionGuid = {58BD5A3F-E3E9-4C2F-B578-8FB96646AEB3}
	EndGlobalSection
EndGlobal
